
Microsoft Visual Studio Solution File, Format Version 12.00
# Visual Studio 14
VisualStudioVersion = 14.0.22013.1
MinimumVisualStudioVersion = 10.0.40219.1
Project("{FAE04EC0-301F-11D3-BF4B-00C04F79EFBC}") = "hashPwd", "hashPwd\hashPwd.csproj", "{646C32CC-B13B-4F56-97C6-766B144E3944}"
EndProject
Project("{FAE04EC0-301F-11D3-BF4B-00C04F79EFBC}") = "hashPwd_utest", "hashPwd_utest\hashPwd_utest.csproj", "{2735B1D0-98A5-43A1-B575-E99788D1C122}"
EndProject
Global
	GlobalSection(SolutionConfigurationPlatforms) = preSolution
		Debug|Any CPU = Debug|Any CPU
		Release|Any CPU = Release|Any CPU
	EndGlobalSection
	GlobalSection(ProjectConfigurationPlatforms) = postSolution
		{646C32CC-B13B-4F56-97C6-766B144E3944}.Debug|Any CPU.ActiveCfg = Debug|Any CPU
		{646C32CC-B13B-4F56-97C6-766B144E3944}.Debug|Any CPU.Build.0 = Debug|Any CPU
		{646C32CC-B13B-4F56-97C6-766B144E3944}.Release|Any CPU.ActiveCfg = Release|Any CPU
		{646C32CC-B13B-4F56-97C6-766B144E3944}.Release|Any CPU.Build.0 = Release|Any CPU
		{2735B1D0-98A5-43A1-B575-E99788D1C122}.Debug|Any CPU.ActiveCfg = Debug|Any CPU
		{2735B1D0-98A5-43A1-B575-E99788D1C122}.Debug|Any CPU.Build.0 = Debug|Any CPU
		{2735B1D0-98A5-43A1-B575-E99788D1C122}.Release|Any CPU.ActiveCfg = Release|Any CPU
		{2735B1D0-98A5-43A1-B575-E99788D1C122}.Release|Any CPU.Build.0 = Release|Any CPU
	EndGlobalSection
	GlobalSection(SolutionProperties) = preSolution
		HideSolutionNode = FALSE
	EndGlobalSection
EndGlobal
